
Microsoft Visual Studio Solution File, Format Version 11.00
# Visual Studio 2010
Project("{8BC9CEB8-8B4A-11D0-8D11-00A0C91BC942}") = "LaneDepartureWarningCPP", "LaneDepartureWarningCPP\LaneDepartureWarningCPP.vcxproj", "{36192B7F-FF29-4AD6-804F-D644D82944A0}"
EndProject
Global
	GlobalSection(SolutionConfigurationPlatforms) = preSolution
		Debug|Win32 = Debug|Win32
		Release|Win32 = Release|Win32
	EndGlobalSection
	GlobalSection(ProjectConfigurationPlatforms) = postSolution
		{36192B7F-FF29-4AD6-804F-D644D82944A0}.Debug|Win32.ActiveCfg = Debug|Win32
		{36192B7F-FF29-4AD6-804F-D644D82944A0}.Debug|Win32.Build.0 = Debug|Win32
		{36192B7F-FF29-4AD6-804F-D644D82944A0}.Release|Win32.ActiveCfg = Release|Win32
		{36192B7F-FF29-4AD6-804F-D644D82944A0}.Release|Win32.Build.0 = Release|Win32
	EndGlobalSection
	GlobalSection(SolutionProperties) = preSolution
		HideSolutionNode = FALSE
	EndGlobalSection
EndGlobal
